# THIS IS AN AUTOGENERATED FILE. DO NOT EDIT THIS FILE DIRECTLY.
# yarn lockfile v1


ng-dynamic-component@^6.0.0:
  version "6.0.0"
  resolved "https://registry.yarnpkg.com/ng-dynamic-component/-/ng-dynamic-component-6.0.0.tgz#71a7770f3f56e2d8abd0535186e7724216f632a2"
  integrity sha512-soZdXYd7oWivBuJOEpyTos5Mkp0/y3Dyjl1JPahSnevdozDgY/dqBkPHzkSllCbOQaCxllFjqYy+B0rOQaOolA==
